
Microsoft Visual Studio Solution File, Format Version 12.00
# Visual Studio Version 17
VisualStudioVersion = 17.8.34330.188
MinimumVisualStudioVersion = 10.0.40219.1
Project("{FAE04EC0-301F-11D3-BF4B-00C04F79EFBC}") = "Practiece_project", "Practiece_project.csproj", "{1DB2DFE7-1D01-4466-BA98-B50DD7341A3E}"
EndProject
Global
	GlobalSection(SolutionConfigurationPlatforms) = preSolution
		Debug|Any CPU = Debug|Any CPU
		Release|Any CPU = Release|Any CPU
	EndGlobalSection
	GlobalSection(ProjectConfigurationPlatforms) = postSolution
		{1DB2DFE7-1D01-4466-BA98-B50DD7341A3E}.Debug|Any CPU.ActiveCfg = Debug|Any CPU
		{1DB2DFE7-1D01-4466-BA98-B50DD7341A3E}.Debug|Any CPU.Build.0 = Debug|Any CPU
		{1DB2DFE7-1D01-4466-BA98-B50DD7341A3E}.Release|Any CPU.ActiveCfg = Release|Any CPU
		{1DB2DFE7-1D01-4466-BA98-B50DD7341A3E}.Release|Any CPU.Build.0 = Release|Any CPU
	EndGlobalSection
	GlobalSection(SolutionProperties) = preSolution
		HideSolutionNode = FALSE
	EndGlobalSection
	GlobalSection(ExtensibilityGlobals) = postSolution
		SolutionGuid = {EAB37D1B-26B7-4F04-8FEB-1F3B621757DA}
	EndGlobalSection
EndGlobal
