
Microsoft Visual Studio Solution File, Format Version 12.00
# Visual Studio Version 17
VisualStudioVersion = 17.8.34330.188
MinimumVisualStudioVersion = 10.0.40219.1
Project("{FAE04EC0-301F-11D3-BF4B-00C04F79EFBC}") = "FK_Relation", "FK_Relation\FK_Relation.csproj", "{915140D1-E7DE-4A8F-BC6E-97A0031F14C2}"
EndProject
Global
	GlobalSection(SolutionConfigurationPlatforms) = preSolution
		Debug|Any CPU = Debug|Any CPU
		Release|Any CPU = Release|Any CPU
	EndGlobalSection
	GlobalSection(ProjectConfigurationPlatforms) = postSolution
		{915140D1-E7DE-4A8F-BC6E-97A0031F14C2}.Debug|Any CPU.ActiveCfg = Debug|Any CPU
		{915140D1-E7DE-4A8F-BC6E-97A0031F14C2}.Debug|Any CPU.Build.0 = Debug|Any CPU
		{915140D1-E7DE-4A8F-BC6E-97A0031F14C2}.Release|Any CPU.ActiveCfg = Release|Any CPU
		{915140D1-E7DE-4A8F-BC6E-97A0031F14C2}.Release|Any CPU.Build.0 = Release|Any CPU
	EndGlobalSection
	GlobalSection(SolutionProperties) = preSolution
		HideSolutionNode = FALSE
	EndGlobalSection
	GlobalSection(ExtensibilityGlobals) = postSolution
		SolutionGuid = {633DA352-38F8-4746-9528-724507817792}
	EndGlobalSection
EndGlobal
